
Microsoft Visual Studio Solution File, Format Version 12.00
# Visual Studio Version 17
VisualStudioVersion = 17.4.33122.133
MinimumVisualStudioVersion = 10.0.40219.1
Project("{9A19103F-16F7-4668-BE54-9A1E7A4F7556}") = "ZipCodeCalculation", "Console\ZipCodeCalculation.csproj", "{4FF2D5CA-6AEE-442B-88BB-C6C688DA4D98}"
EndProject
Project("{FAE04EC0-301F-11D3-BF4B-00C04F79EFBC}") = "Website", "Website\Website.csproj", "{B9D88D67-7729-48A9-8E51-A2DBE8D5276B}"
EndProject
Global
	GlobalSection(SolutionConfigurationPlatforms) = preSolution
		Debug|Any CPU = Debug|Any CPU
		Release|Any CPU = Release|Any CPU
	EndGlobalSection
	GlobalSection(ProjectConfigurationPlatforms) = postSolution
		{4FF2D5CA-6AEE-442B-88BB-C6C688DA4D98}.Debug|Any CPU.ActiveCfg = Debug|Any CPU
		{4FF2D5CA-6AEE-442B-88BB-C6C688DA4D98}.Debug|Any CPU.Build.0 = Debug|Any CPU
		{4FF2D5CA-6AEE-442B-88BB-C6C688DA4D98}.Release|Any CPU.ActiveCfg = Release|Any CPU
		{4FF2D5CA-6AEE-442B-88BB-C6C688DA4D98}.Release|Any CPU.Build.0 = Release|Any CPU
		{B9D88D67-7729-48A9-8E51-A2DBE8D5276B}.Debug|Any CPU.ActiveCfg = Debug|Any CPU
		{B9D88D67-7729-48A9-8E51-A2DBE8D5276B}.Debug|Any CPU.Build.0 = Debug|Any CPU
		{B9D88D67-7729-48A9-8E51-A2DBE8D5276B}.Release|Any CPU.ActiveCfg = Release|Any CPU
		{B9D88D67-7729-48A9-8E51-A2DBE8D5276B}.Release|Any CPU.Build.0 = Release|Any CPU
	EndGlobalSection
	GlobalSection(SolutionProperties) = preSolution
		HideSolutionNode = FALSE
	EndGlobalSection
	GlobalSection(ExtensibilityGlobals) = postSolution
		SolutionGuid = {BFE16C6F-F631-4582-B78B-C0F162BB95BE}
	EndGlobalSection
EndGlobal
